
Microsoft Visual Studio Solution File, Format Version 12.00
# Visual Studio Version 16
VisualStudioVersion = 16.0.31829.152
MinimumVisualStudioVersion = 10.0.40219.1
Project("{9A19103F-16F7-4668-BE54-9A1E7A4F7556}") = "JVWebApp", "JVWebApp\JVWebApp.csproj", "{2E0B4288-F462-4620-8152-9B62948AA5DE}"
EndProject
Project("{9A19103F-16F7-4668-BE54-9A1E7A4F7556}") = "JVDataAccess", "JVDataAccess\JVDataAccess.csproj", "{3B6C41ED-81A7-43C1-B465-410BAC0C07C8}"
EndProject
Project("{2150E333-8FDC-42A3-9474-1A3956D46DE8}") = "Solution Items", "Solution Items", "{3935BD61-6523-4648-9C2A-3F12ED74D3BF}"
	ProjectSection(SolutionItems) = preProject
		Att Göra.txt = Att Göra.txt
	EndProjectSection
EndProject
Global
	GlobalSection(SolutionConfigurationPlatforms) = preSolution
		Debug|Any CPU = Debug|Any CPU
		Release|Any CPU = Release|Any CPU
	EndGlobalSection
	GlobalSection(ProjectConfigurationPlatforms) = postSolution
		{2E0B4288-F462-4620-8152-9B62948AA5DE}.Debug|Any CPU.ActiveCfg = Debug|Any CPU
		{2E0B4288-F462-4620-8152-9B62948AA5DE}.Debug|Any CPU.Build.0 = Debug|Any CPU
		{2E0B4288-F462-4620-8152-9B62948AA5DE}.Release|Any CPU.ActiveCfg = Release|Any CPU
		{2E0B4288-F462-4620-8152-9B62948AA5DE}.Release|Any CPU.Build.0 = Release|Any CPU
		{3B6C41ED-81A7-43C1-B465-410BAC0C07C8}.Debug|Any CPU.ActiveCfg = Debug|Any CPU
		{3B6C41ED-81A7-43C1-B465-410BAC0C07C8}.Debug|Any CPU.Build.0 = Debug|Any CPU
		{3B6C41ED-81A7-43C1-B465-410BAC0C07C8}.Release|Any CPU.ActiveCfg = Release|Any CPU
		{3B6C41ED-81A7-43C1-B465-410BAC0C07C8}.Release|Any CPU.Build.0 = Release|Any CPU
	EndGlobalSection
	GlobalSection(SolutionProperties) = preSolution
		HideSolutionNode = FALSE
	EndGlobalSection
	GlobalSection(ExtensibilityGlobals) = postSolution
		SolutionGuid = {F18B0384-29AC-4640-9346-CF198F47A274}
	EndGlobalSection
EndGlobal
